
Microsoft Visual Studio Solution File, Format Version 12.00
# Visual Studio Version 16
VisualStudioVersion = 16.0.30503.244
MinimumVisualStudioVersion = 10.0.40219.1
Project("{FAE04EC0-301F-11D3-BF4B-00C04F79EFBC}") = "Orion.Sirius.Website", "Orion.Sirius.Website.csproj", "{FB69C68C-E110-4F15-B403-2DD2160F147E}"
EndProject
Global
	GlobalSection(SolutionConfigurationPlatforms) = preSolution
		Debug|Any CPU = Debug|Any CPU
		Release|Any CPU = Release|Any CPU
	EndGlobalSection
	GlobalSection(ProjectConfigurationPlatforms) = postSolution
		{FB69C68C-E110-4F15-B403-2DD2160F147E}.Debug|Any CPU.ActiveCfg = Debug|Any CPU
		{FB69C68C-E110-4F15-B403-2DD2160F147E}.Debug|Any CPU.Build.0 = Debug|Any CPU
		{FB69C68C-E110-4F15-B403-2DD2160F147E}.Release|Any CPU.ActiveCfg = Release|Any CPU
		{FB69C68C-E110-4F15-B403-2DD2160F147E}.Release|Any CPU.Build.0 = Release|Any CPU
	EndGlobalSection
	GlobalSection(SolutionProperties) = preSolution
		HideSolutionNode = FALSE
	EndGlobalSection
	GlobalSection(ExtensibilityGlobals) = postSolution
		SolutionGuid = {2643BE4E-B456-4A0A-909E-FE88105F2EB2}
	EndGlobalSection
EndGlobal
