
Microsoft Visual Studio Solution File, Format Version 12.00
# Visual Studio Version 16
VisualStudioVersion = 16.0.30503.244
MinimumVisualStudioVersion = 10.0.40219.1
Project("{2150E333-8FDC-42A3-9474-1A3956D46DE8}") = "Application", "Application", "{73014F20-0E79-470F-858C-E18F9905EC75}"
EndProject
Project("{2150E333-8FDC-42A3-9474-1A3956D46DE8}") = "Domain", "Domain", "{93B46A6F-5427-412F-A946-29D71192094F}"
EndProject
Project("{2150E333-8FDC-42A3-9474-1A3956D46DE8}") = "Service", "Service", "{76C14C7F-F129-43F3-89C4-896F9A5D9160}"
EndProject
Project("{2150E333-8FDC-42A3-9474-1A3956D46DE8}") = "Infra", "Infra", "{7A57E19D-8BC5-4505-9BD6-1428D7011659}"
EndProject
Project("{2150E333-8FDC-42A3-9474-1A3956D46DE8}") = "Data", "Data", "{E80087FC-3144-4ED0-AECA-21298CDFC20A}"
EndProject
Project("{FAE04EC0-301F-11D3-BF4B-00C04F79EFBC}") = "Sirius.Infra.Data", "Sirius.Infra.Data\Sirius.Infra.Data.csproj", "{13BD7F54-2D81-42B4-B440-D5E8DFD05C8E}"
EndProject
Project("{2150E333-8FDC-42A3-9474-1A3956D46DE8}") = "CrossCutting", "CrossCutting", "{1405F647-4270-40B2-99D9-9553C11788B4}"
EndProject
Project("{FAE04EC0-301F-11D3-BF4B-00C04F79EFBC}") = "Sirius.Service", "Sirius.Service\Sirius.Service.csproj", "{257EAC24-C406-4D39-A166-9C6C0DB449C2}"
EndProject
Project("{FAE04EC0-301F-11D3-BF4B-00C04F79EFBC}") = "Sirius.Domain", "Sirius.Domain\Sirius.Domain.csproj", "{CED3F69D-5851-4199-8E90-F25A09994710}"
EndProject
Project("{2150E333-8FDC-42A3-9474-1A3956D46DE8}") = "Mobile", "Mobile", "{7CDFE51F-4DC2-471B-A54B-400F3EFC3494}"
EndProject
Project("{2150E333-8FDC-42A3-9474-1A3956D46DE8}") = "Desktop", "Desktop", "{C4AA1636-22E0-40EC-99B5-04F77BA66136}"
EndProject
Project("{2150E333-8FDC-42A3-9474-1A3956D46DE8}") = "Web", "Web", "{860B7F52-A5EA-458F-B2C3-0653CA79B0D3}"
EndProject
Project("{2150E333-8FDC-42A3-9474-1A3956D46DE8}") = "API", "API", "{58F346CE-848D-427E-AFC9-39943B5B8DD3}"
EndProject
Project("{FAE04EC0-301F-11D3-BF4B-00C04F79EFBC}") = "Sirius.API", "Sirius.API\Sirius.API.csproj", "{27C605E6-1CDB-4100-B5C6-6C3F59B0AD3F}"
EndProject
Project("{FAE04EC0-301F-11D3-BF4B-00C04F79EFBC}") = "Sirius.Desktop", "Sirius.Desktop\Sirius.Desktop.csproj", "{7FEECC03-27F7-4E6A-AFC5-6280F67F23B9}"
EndProject
Project("{FAE04EC0-301F-11D3-BF4B-00C04F79EFBC}") = "Sirius.Mobile.Android", "Sirius.Mobile\Sirius.Mobile.Android\Sirius.Mobile.Android.csproj", "{009FA23F-8DA3-40FD-9E8E-61DF271FA10F}"
EndProject
Project("{FAE04EC0-301F-11D3-BF4B-00C04F79EFBC}") = "Sirius.Mobile", "Sirius.Mobile\Sirius.Mobile\Sirius.Mobile.csproj", "{A78698A6-9F36-4D37-9290-1766E922386B}"
EndProject
Project("{FAE04EC0-301F-11D3-BF4B-00C04F79EFBC}") = "Sirius.Web", "Sirius.Web\Sirius.Web.csproj", "{EE8C053D-DC6E-44CF-A1AC-C8BAC729E600}"
EndProject
Global
	GlobalSection(SolutionConfigurationPlatforms) = preSolution
		Debug|Any CPU = Debug|Any CPU
		Release|Any CPU = Release|Any CPU
	EndGlobalSection
	GlobalSection(ProjectConfigurationPlatforms) = postSolution
		{13BD7F54-2D81-42B4-B440-D5E8DFD05C8E}.Debug|Any CPU.ActiveCfg = Debug|Any CPU
		{13BD7F54-2D81-42B4-B440-D5E8DFD05C8E}.Debug|Any CPU.Build.0 = Debug|Any CPU
		{13BD7F54-2D81-42B4-B440-D5E8DFD05C8E}.Release|Any CPU.ActiveCfg = Release|Any CPU
		{13BD7F54-2D81-42B4-B440-D5E8DFD05C8E}.Release|Any CPU.Build.0 = Release|Any CPU
		{257EAC24-C406-4D39-A166-9C6C0DB449C2}.Debug|Any CPU.ActiveCfg = Debug|Any CPU
		{257EAC24-C406-4D39-A166-9C6C0DB449C2}.Debug|Any CPU.Build.0 = Debug|Any CPU
		{257EAC24-C406-4D39-A166-9C6C0DB449C2}.Release|Any CPU.ActiveCfg = Release|Any CPU
		{257EAC24-C406-4D39-A166-9C6C0DB449C2}.Release|Any CPU.Build.0 = Release|Any CPU
		{CED3F69D-5851-4199-8E90-F25A09994710}.Debug|Any CPU.ActiveCfg = Debug|Any CPU
		{CED3F69D-5851-4199-8E90-F25A09994710}.Debug|Any CPU.Build.0 = Debug|Any CPU
		{CED3F69D-5851-4199-8E90-F25A09994710}.Release|Any CPU.ActiveCfg = Release|Any CPU
		{CED3F69D-5851-4199-8E90-F25A09994710}.Release|Any CPU.Build.0 = Release|Any CPU
		{27C605E6-1CDB-4100-B5C6-6C3F59B0AD3F}.Debug|Any CPU.ActiveCfg = Debug|Any CPU
		{27C605E6-1CDB-4100-B5C6-6C3F59B0AD3F}.Debug|Any CPU.Build.0 = Debug|Any CPU
		{27C605E6-1CDB-4100-B5C6-6C3F59B0AD3F}.Release|Any CPU.ActiveCfg = Release|Any CPU
		{27C605E6-1CDB-4100-B5C6-6C3F59B0AD3F}.Release|Any CPU.Build.0 = Release|Any CPU
		{7FEECC03-27F7-4E6A-AFC5-6280F67F23B9}.Debug|Any CPU.ActiveCfg = Debug|Any CPU
		{7FEECC03-27F7-4E6A-AFC5-6280F67F23B9}.Debug|Any CPU.Build.0 = Debug|Any CPU
		{7FEECC03-27F7-4E6A-AFC5-6280F67F23B9}.Release|Any CPU.ActiveCfg = Release|Any CPU
		{7FEECC03-27F7-4E6A-AFC5-6280F67F23B9}.Release|Any CPU.Build.0 = Release|Any CPU
		{009FA23F-8DA3-40FD-9E8E-61DF271FA10F}.Debug|Any CPU.ActiveCfg = Debug|Any CPU
		{009FA23F-8DA3-40FD-9E8E-61DF271FA10F}.Debug|Any CPU.Build.0 = Debug|Any CPU
		{009FA23F-8DA3-40FD-9E8E-61DF271FA10F}.Debug|Any CPU.Deploy.0 = Debug|Any CPU
		{009FA23F-8DA3-40FD-9E8E-61DF271FA10F}.Release|Any CPU.ActiveCfg = Release|Any CPU
		{009FA23F-8DA3-40FD-9E8E-61DF271FA10F}.Release|Any CPU.Build.0 = Release|Any CPU
		{009FA23F-8DA3-40FD-9E8E-61DF271FA10F}.Release|Any CPU.Deploy.0 = Release|Any CPU
		{A78698A6-9F36-4D37-9290-1766E922386B}.Debug|Any CPU.ActiveCfg = Debug|Any CPU
		{A78698A6-9F36-4D37-9290-1766E922386B}.Debug|Any CPU.Build.0 = Debug|Any CPU
		{A78698A6-9F36-4D37-9290-1766E922386B}.Release|Any CPU.ActiveCfg = Release|Any CPU
		{A78698A6-9F36-4D37-9290-1766E922386B}.Release|Any CPU.Build.0 = Release|Any CPU
		{EE8C053D-DC6E-44CF-A1AC-C8BAC729E600}.Debug|Any CPU.ActiveCfg = Debug|Any CPU
		{EE8C053D-DC6E-44CF-A1AC-C8BAC729E600}.Debug|Any CPU.Build.0 = Debug|Any CPU
		{EE8C053D-DC6E-44CF-A1AC-C8BAC729E600}.Release|Any CPU.ActiveCfg = Release|Any CPU
		{EE8C053D-DC6E-44CF-A1AC-C8BAC729E600}.Release|Any CPU.Build.0 = Release|Any CPU
	EndGlobalSection
	GlobalSection(SolutionProperties) = preSolution
		HideSolutionNode = FALSE
	EndGlobalSection
	GlobalSection(NestedProjects) = preSolution
		{E80087FC-3144-4ED0-AECA-21298CDFC20A} = {7A57E19D-8BC5-4505-9BD6-1428D7011659}
		{13BD7F54-2D81-42B4-B440-D5E8DFD05C8E} = {E80087FC-3144-4ED0-AECA-21298CDFC20A}
		{1405F647-4270-40B2-99D9-9553C11788B4} = {7A57E19D-8BC5-4505-9BD6-1428D7011659}
		{257EAC24-C406-4D39-A166-9C6C0DB449C2} = {76C14C7F-F129-43F3-89C4-896F9A5D9160}
		{CED3F69D-5851-4199-8E90-F25A09994710} = {93B46A6F-5427-412F-A946-29D71192094F}
		{7CDFE51F-4DC2-471B-A54B-400F3EFC3494} = {73014F20-0E79-470F-858C-E18F9905EC75}
		{C4AA1636-22E0-40EC-99B5-04F77BA66136} = {73014F20-0E79-470F-858C-E18F9905EC75}
		{860B7F52-A5EA-458F-B2C3-0653CA79B0D3} = {73014F20-0E79-470F-858C-E18F9905EC75}
		{58F346CE-848D-427E-AFC9-39943B5B8DD3} = {73014F20-0E79-470F-858C-E18F9905EC75}
		{27C605E6-1CDB-4100-B5C6-6C3F59B0AD3F} = {58F346CE-848D-427E-AFC9-39943B5B8DD3}
		{7FEECC03-27F7-4E6A-AFC5-6280F67F23B9} = {C4AA1636-22E0-40EC-99B5-04F77BA66136}
		{009FA23F-8DA3-40FD-9E8E-61DF271FA10F} = {7CDFE51F-4DC2-471B-A54B-400F3EFC3494}
		{A78698A6-9F36-4D37-9290-1766E922386B} = {7CDFE51F-4DC2-471B-A54B-400F3EFC3494}
		{EE8C053D-DC6E-44CF-A1AC-C8BAC729E600} = {860B7F52-A5EA-458F-B2C3-0653CA79B0D3}
	EndGlobalSection
	GlobalSection(ExtensibilityGlobals) = postSolution
		SolutionGuid = {A47DA3CB-5223-4910-B540-062C273F6422}
	EndGlobalSection
EndGlobal
