
Microsoft Visual Studio Solution File, Format Version 12.00
# Visual Studio Version 16
VisualStudioVersion = 16.0.30503.244
MinimumVisualStudioVersion = 10.0.40219.1
Project("{FAE04EC0-301F-11D3-BF4B-00C04F79EFBC}") = "Orion.Sirius.Mobile.Android", "Orion.Sirius.Mobile.Android\Orion.Sirius.Mobile.Android.csproj", "{92E3FC07-F345-4C8A-99C1-51595036B516}"
EndProject
Project("{FAE04EC0-301F-11D3-BF4B-00C04F79EFBC}") = "Orion.Sirius.Mobile", "Orion.Sirius.Mobile\Orion.Sirius.Mobile.csproj", "{BFB9388C-0198-4B13-B579-6A11A3CC75AB}"
EndProject
Global
	GlobalSection(SolutionConfigurationPlatforms) = preSolution
		Debug|Any CPU = Debug|Any CPU
		Release|Any CPU = Release|Any CPU
	EndGlobalSection
	GlobalSection(ProjectConfigurationPlatforms) = postSolution
		{92E3FC07-F345-4C8A-99C1-51595036B516}.Debug|Any CPU.ActiveCfg = Debug|Any CPU
		{92E3FC07-F345-4C8A-99C1-51595036B516}.Debug|Any CPU.Build.0 = Debug|Any CPU
		{92E3FC07-F345-4C8A-99C1-51595036B516}.Debug|Any CPU.Deploy.0 = Debug|Any CPU
		{92E3FC07-F345-4C8A-99C1-51595036B516}.Release|Any CPU.ActiveCfg = Release|Any CPU
		{92E3FC07-F345-4C8A-99C1-51595036B516}.Release|Any CPU.Build.0 = Release|Any CPU
		{92E3FC07-F345-4C8A-99C1-51595036B516}.Release|Any CPU.Deploy.0 = Release|Any CPU
		{BFB9388C-0198-4B13-B579-6A11A3CC75AB}.Debug|Any CPU.ActiveCfg = Debug|Any CPU
		{BFB9388C-0198-4B13-B579-6A11A3CC75AB}.Debug|Any CPU.Build.0 = Debug|Any CPU
		{BFB9388C-0198-4B13-B579-6A11A3CC75AB}.Debug|Any CPU.Deploy.0 = Debug|Any CPU
		{BFB9388C-0198-4B13-B579-6A11A3CC75AB}.Release|Any CPU.ActiveCfg = Release|Any CPU
		{BFB9388C-0198-4B13-B579-6A11A3CC75AB}.Release|Any CPU.Build.0 = Release|Any CPU
		{BFB9388C-0198-4B13-B579-6A11A3CC75AB}.Release|Any CPU.Deploy.0 = Release|Any CPU
	EndGlobalSection
	GlobalSection(SolutionProperties) = preSolution
		HideSolutionNode = FALSE
	EndGlobalSection
	GlobalSection(ExtensibilityGlobals) = postSolution
		SolutionGuid = {01C8A277-6E13-4ED6-84C2-24627FBD789C}
	EndGlobalSection
EndGlobal
